
Microsoft Visual Studio Solution File, Format Version 12.00
# Visual Studio Version 16
VisualStudioVersion = 16.0.30204.135
MinimumVisualStudioVersion = 10.0.40219.1
Project("{FAE04EC0-301F-11D3-BF4B-00C04F79EFBC}") = "sample_4_3", "sample_4_3\sample_4_3.csproj", "{E73538A6-0674-44FA-9152-C7ECB67E1F70}"
EndProject
Global
	GlobalSection(SolutionConfigurationPlatforms) = preSolution
		Debug|Any CPU = Debug|Any CPU
		Release|Any CPU = Release|Any CPU
	EndGlobalSection
	GlobalSection(ProjectConfigurationPlatforms) = postSolution
		{E73538A6-0674-44FA-9152-C7ECB67E1F70}.Debug|Any CPU.ActiveCfg = Debug|Any CPU
		{E73538A6-0674-44FA-9152-C7ECB67E1F70}.Debug|Any CPU.Build.0 = Debug|Any CPU
		{E73538A6-0674-44FA-9152-C7ECB67E1F70}.Release|Any CPU.ActiveCfg = Release|Any CPU
		{E73538A6-0674-44FA-9152-C7ECB67E1F70}.Release|Any CPU.Build.0 = Release|Any CPU
	EndGlobalSection
	GlobalSection(SolutionProperties) = preSolution
		HideSolutionNode = FALSE
	EndGlobalSection
	GlobalSection(ExtensibilityGlobals) = postSolution
		SolutionGuid = {3066A8A9-5238-4ABE-83B4-BBCBD298D0C4}
	EndGlobalSection
EndGlobal
